// !$*UTF8*$!
{
	archiveVersion = 1;
	classes = {
	};
	objectVersion = 50;
	objects = {

/* Begin PBXBuildFile section */
		267A03D524D5217E001B46D5 /* README.md in Resources */ = {isa = PBXBuildFile; fileRef = 267A03D424D5217E001B46D5 /* README.md */; };
		26E3E36824CA767D00BF1D04 /* AppDelegate.swift in Sources */ = {isa = PBXBuildFile; fileRef = 26E3E36724CA767D00BF1D04 /* AppDelegate.swift */; };
		26E3E36C24CA768C00BF1D04 /* Assets.xcassets in Resources */ = {isa = PBXBuildFile; fileRef = 26E3E36B24CA768C00BF1D04 /* Assets.xcassets */; };
		26E3E38124CA7F0500BF1D04 /* main.swift in Sources */ = {isa = PBXBuildFile; fileRef = 26E3E38024CA7F0500BF1D04 /* main.swift */; };
		26FDF86C24CAA14B00F72560 /* ServiceMenu.swift in Sources */ = {isa = PBXBuildFile; fileRef = 26FDF86B24CAA14B00F72560 /* ServiceMenu.swift */; };
		26FDF86E24CAA18E00F72560 /* Service.swift in Sources */ = {isa = PBXBuildFile; fileRef = 26FDF86D24CAA18E00F72560 /* Service.swift */; };
		26FDF87024CAAAC000F72560 /* CommandRunner.swift in Sources */ = {isa = PBXBuildFile; fileRef = 26FDF86F24CAAAC000F72560 /* CommandRunner.swift */; };
/* End PBXBuildFile section */

/* Begin PBXFileReference section */
		267A03D424D5217E001B46D5 /* README.md */ = {isa = PBXFileReference; fileEncoding = 4; lastKnownFileType = net.daringfireball.markdown; path = README.md; sourceTree = "<group>"; };
		26E3E36424CA767D00BF1D04 /* BrewStatus.app */ = {isa = PBXFileReference; explicitFileType = wrapper.application; includeInIndex = 0; path = BrewStatus.app; sourceTree = BUILT_PRODUCTS_DIR; };
		26E3E36724CA767D00BF1D04 /* AppDelegate.swift */ = {isa = PBXFileReference; lastKnownFileType = sourcecode.swift; path = AppDelegate.swift; sourceTree = "<group>"; };
		26E3E36B24CA768C00BF1D04 /* Assets.xcassets */ = {isa = PBXFileReference; lastKnownFileType = folder.assetcatalog; path = Assets.xcassets; sourceTree = "<group>"; };
		26E3E37324CA768C00BF1D04 /* Info.plist */ = {isa = PBXFileReference; lastKnownFileType = text.plist.xml; path = Info.plist; sourceTree = "<group>"; };
		26E3E38024CA7F0500BF1D04 /* main.swift */ = {isa = PBXFileReference; lastKnownFileType = sourcecode.swift; path = main.swift; sourceTree = "<group>"; };
		26FDF86B24CAA14B00F72560 /* ServiceMenu.swift */ = {isa = PBXFileReference; lastKnownFileType = sourcecode.swift; path = ServiceMenu.swift; sourceTree = "<group>"; };
		26FDF86D24CAA18E00F72560 /* Service.swift */ = {isa = PBXFileReference; lastKnownFileType = sourcecode.swift; path = Service.swift; sourceTree = "<group>"; };
		26FDF86F24CAAAC000F72560 /* CommandRunner.swift */ = {isa = PBXFileReference; lastKnownFileType = sourcecode.swift; path = CommandRunner.swift; sourceTree = "<group>"; };
/* End PBXFileReference section */

/* Begin PBXFrameworksBuildPhase section */
		26E3E36124CA767D00BF1D04 /* Frameworks */ = {
			isa = PBXFrameworksBuildPhase;
			buildActionMask = 2147483647;
			files = (
			);
			runOnlyForDeploymentPostprocessing = 0;
		};
/* End PBXFrameworksBuildPhase section */

/* Begin PBXGroup section */
		26E3E35B24CA767D00BF1D04 = {
			isa = PBXGroup;
			children = (
				267A03D424D5217E001B46D5 /* README.md */,
				26E3E36624CA767D00BF1D04 /* BrewStatus */,
				26E3E36524CA767D00BF1D04 /* Products */,
			);
			sourceTree = "<group>";
		};
		26E3E36524CA767D00BF1D04 /* Products */ = {
			isa = PBXGroup;
			children = (
				26E3E36424CA767D00BF1D04 /* BrewStatus.app */,
			);
			name = Products;
			sourceTree = "<group>";
		};
		26E3E36624CA767D00BF1D04 /* BrewStatus */ = {
			isa = PBXGroup;
			children = (
				26E3E38024CA7F0500BF1D04 /* main.swift */,
				26FDF86B24CAA14B00F72560 /* ServiceMenu.swift */,
				26FDF86F24CAAAC000F72560 /* CommandRunner.swift */,
				26FDF86D24CAA18E00F72560 /* Service.swift */,
				26E3E36724CA767D00BF1D04 /* AppDelegate.swift */,
				26E3E36B24CA768C00BF1D04 /* Assets.xcassets */,
				26E3E37324CA768C00BF1D04 /* Info.plist */,
			);
			path = BrewStatus;
			sourceTree = "<group>";
		};
/* End PBXGroup section */

/* Begin PBXNativeTarget section */
		26E3E36324CA767D00BF1D04 /* BrewStatus */ = {
			isa = PBXNativeTarget;
			buildConfigurationList = 26E3E37724CA768C00BF1D04 /* Build configuration list for PBXNativeTarget "BrewStatus" */;
			buildPhases = (
				26E3E36024CA767D00BF1D04 /* Sources */,
				26E3E36124CA767D00BF1D04 /* Frameworks */,
				26E3E36224CA767D00BF1D04 /* Resources */,
			);
			buildRules = (
			);
			dependencies = (
			);
			name = BrewStatus;
			productName = BrewServices;
			productReference = 26E3E36424CA767D00BF1D04 /* BrewStatus.app */;
			productType = "com.apple.product-type.application";
		};
/* End PBXNativeTarget section */

/* Begin PBXProject section */
		26E3E35C24CA767D00BF1D04 /* Project object */ = {
			isa = PBXProject;
			attributes = {
				LastSwiftUpdateCheck = 1160;
				LastUpgradeCheck = 1160;
				ORGANIZATIONNAME = "Brennan Walsh";
				TargetAttributes = {
					26E3E36324CA767D00BF1D04 = {
						CreatedOnToolsVersion = 11.6;
					};
				};
			};
			buildConfigurationList = 26E3E35F24CA767D00BF1D04 /* Build configuration list for PBXProject "BrewStatus" */;
			compatibilityVersion = "Xcode 9.3";
			developmentRegion = en;
			hasScannedForEncodings = 0;
			knownRegions = (
				en,
				Base,
			);
			mainGroup = 26E3E35B24CA767D00BF1D04;
			productRefGroup = 26E3E36524CA767D00BF1D04 /* Products */;
			projectDirPath = "";
			projectRoot = "";
			targets = (
				26E3E36324CA767D00BF1D04 /* BrewStatus */,
			);
		};
/* End PBXProject section */

/* Begin PBXResourcesBuildPhase section */
		26E3E36224CA767D00BF1D04 /* Resources */ = {
			isa = PBXResourcesBuildPhase;
			buildActionMask = 2147483647;
			files = (
				267A03D524D5217E001B46D5 /* README.md in Resources */,
				26E3E36C24CA768C00BF1D04 /* Assets.xcassets in Resources */,
			);
			runOnlyForDeploymentPostprocessing = 0;
		};
/* End PBXResourcesBuildPhase section */

/* Begin PBXSourcesBuildPhase section */
		26E3E36024CA767D00BF1D04 /* Sources */ = {
			isa = PBXSourcesBuildPhase;
			buildActionMask = 2147483647;
			files = (
				26E3E38124CA7F0500BF1D04 /* main.swift in Sources */,
				26FDF87024CAAAC000F72560 /* CommandRunner.swift in Sources */,
				26FDF86E24CAA18E00F72560 /* Service.swift in Sources */,
				26FDF86C24CAA14B00F72560 /* ServiceMenu.swift in Sources */,
				26E3E36824CA767D00BF1D04 /* AppDelegate.swift in Sources */,
			);
			runOnlyForDeploymentPostprocessing = 0;
		};
/* End PBXSourcesBuildPhase section */

/* Begin XCBuildConfiguration section */
		26E3E37524CA768C00BF1D04 /* Debug */ = {
			isa = XCBuildConfiguration;
			buildSettings = {
				ALWAYS_SEARCH_USER_PATHS = NO;
				CLANG_ANALYZER_NONNULL = YES;
				CLANG_ANALYZER_NUMBER_OBJECT_CONVERSION = YES_AGGRESSIVE;
				CLANG_CXX_LANGUAGE_STANDARD = "gnu++14";
				CLANG_CXX_LIBRARY = "libc++";
				CLANG_ENABLE_MODULES = YES;
				CLANG_ENABLE_OBJC_ARC = YES;
				CLANG_ENABLE_OBJC_WEAK = YES;
				CLANG_WARN_BLOCK_CAPTURE_AUTORELEASING = YES;
				CLANG_WARN_BOOL_CONVERSION = YES;
				CLANG_WARN_COMMA = YES;
				CLANG_WARN_CONSTANT_CONVERSION = YES;
				CLANG_WARN_DEPRECATED_OBJC_IMPLEMENTATIONS = YES;
				CLANG_WARN_DIRECT_OBJC_ISA_USAGE = YES_ERROR;
				CLANG_WARN_DOCUMENTATION_COMMENTS = YES;
				CLANG_WARN_EMPTY_BODY = YES;
				CLANG_WARN_ENUM_CONVERSION = YES;
				CLANG_WARN_INFINITE_RECURSION = YES;
				CLANG_WARN_INT_CONVERSION = YES;
				CLANG_WARN_NON_LITERAL_NULL_CONVERSION = YES;
				CLANG_WARN_OBJC_IMPLICIT_RETAIN_SELF = YES;
				CLANG_WARN_OBJC_LITERAL_CONVERSION = YES;
				CLANG_WARN_OBJC_ROOT_CLASS = YES_ERROR;
				CLANG_WARN_RANGE_LOOP_ANALYSIS = YES;
				CLANG_WARN_STRICT_PROTOTYPES = YES;
				CLANG_WARN_SUSPICIOUS_MOVE = YES;
				CLANG_WARN_UNGUARDED_AVAILABILITY = YES_AGGRESSIVE;
				CLANG_WARN_UNREACHABLE_CODE = YES;
				CLANG_WARN__DUPLICATE_METHOD_MATCH = YES;
				COPY_PHASE_STRIP = NO;
				DEBUG_INFORMATION_FORMAT = dwarf;
				ENABLE_STRICT_OBJC_MSGSEND = YES;
				ENABLE_TESTABILITY = YES;
				GCC_C_LANGUAGE_STANDARD = gnu11;
				GCC_DYNAMIC_NO_PIC = NO;
				GCC_NO_COMMON_BLOCKS = YES;
				GCC_OPTIMIZATION_LEVEL = 0;
				GCC_PREPROCESSOR_DEFINITIONS = (
					"DEBUG=1",
					"$(inherited)",
				);
				GCC_WARN_64_TO_32_BIT_CONVERSION = YES;
				GCC_WARN_ABOUT_RETURN_TYPE = YES_ERROR;
				GCC_WARN_UNDECLARED_SELECTOR = YES;
				GCC_WARN_UNINITIALIZED_AUTOS = YES_AGGRESSIVE;
				GCC_WARN_UNUSED_FUNCTION = YES;
				GCC_WARN_UNUSED_VARIABLE = YES;
				MACOSX_DEPLOYMENT_TARGET = 10.10;
				MTL_ENABLE_DEBUG_INFO = INCLUDE_SOURCE;
				MTL_FAST_MATH = YES;
				ONLY_ACTIVE_ARCH = YES;
				SDKROOT = macosx;
				SWIFT_ACTIVE_COMPILATION_CONDITIONS = DEBUG;
				SWIFT_OPTIMIZATION_LEVEL = "-Onone";
			};
			name = Debug;
		};
		26E3E37624CA768C00BF1D04 /* Release */ = {
			isa = XCBuildConfiguration;
			buildSettings = {
				ALWAYS_SEARCH_USER_PATHS = NO;
				CLANG_ANALYZER_NONNULL = YES;
				CLANG_ANALYZER_NUMBER_OBJECT_CONVERSION = YES_AGGRESSIVE;
				CLANG_CXX_LANGUAGE_STANDARD = "gnu++14";
				CLANG_CXX_LIBRARY = "libc++";
				CLANG_ENABLE_MODULES = YES;
				CLANG_ENABLE_OBJC_ARC = YES;
				CLANG_ENABLE_OBJC_WEAK = YES;
				CLANG_WARN_BLOCK_CAPTURE_AUTORELEASING = YES;
				CLANG_WARN_BOOL_CONVERSION = YES;
				CLANG_WARN_COMMA = YES;
				CLANG_WARN_CONSTANT_CONVERSION = YES;
				CLANG_WARN_DEPRECATED_OBJC_IMPLEMENTATIONS = YES;
				CLANG_WARN_DIRECT_OBJC_ISA_USAGE = YES_ERROR;
				CLANG_WARN_DOCUMENTATION_COMMENTS = YES;
				CLANG_WARN_EMPTY_BODY = YES;
				CLANG_WARN_ENUM_CONVERSION = YES;
				CLANG_WARN_INFINITE_RECURSION = YES;
				CLANG_WARN_INT_CONVERSION = YES;
				CLANG_WARN_NON_LITERAL_NULL_CONVERSION = YES;
				CLANG_WARN_OBJC_IMPLICIT_RETAIN_SELF = YES;
				CLANG_WARN_OBJC_LITERAL_CONVERSION = YES;
				CLANG_WARN_OBJC_ROOT_CLASS = YES_ERROR;
				CLANG_WARN_RANGE_LOOP_ANALYSIS = YES;
				CLANG_WARN_STRICT_PROTOTYPES = YES;
				CLANG_WARN_SUSPICIOUS_MOVE = YES;
				CLANG_WARN_UNGUARDED_AVAILABILITY = YES_AGGRESSIVE;
				CLANG_WARN_UNREACHABLE_CODE = YES;
				CLANG_WARN__DUPLICATE_METHOD_MATCH = YES;
				COPY_PHASE_STRIP = NO;
				DEBUG_INFORMATION_FORMAT = "dwarf-with-dsym";
				ENABLE_NS_ASSERTIONS = NO;
				ENABLE_STRICT_OBJC_MSGSEND = YES;
				GCC_C_LANGUAGE_STANDARD = gnu11;
				GCC_NO_COMMON_BLOCKS = YES;
				GCC_WARN_64_TO_32_BIT_CONVERSION = YES;
				GCC_WARN_ABOUT_RETURN_TYPE = YES_ERROR;
				GCC_WARN_UNDECLARED_SELECTOR = YES;
				GCC_WARN_UNINITIALIZED_AUTOS = YES_AGGRESSIVE;
				GCC_WARN_UNUSED_FUNCTION = YES;
				GCC_WARN_UNUSED_VARIABLE = YES;
				MACOSX_DEPLOYMENT_TARGET = 10.10;
				MTL_ENABLE_DEBUG_INFO = NO;
				MTL_FAST_MATH = YES;
				SDKROOT = macosx;
				SWIFT_COMPILATION_MODE = wholemodule;
				SWIFT_OPTIMIZATION_LEVEL = "-O";
			};
			name = Release;
		};
		26E3E37824CA768C00BF1D04 /* Debug */ = {
			isa = XCBuildConfiguration;
			buildSettings = {
				ASSETCATALOG_COMPILER_APPICON_NAME = AppIcon;
				CODE_SIGN_ENTITLEMENTS = "";
				CODE_SIGN_STYLE = Automatic;
				COMBINE_HIDPI_IMAGES = YES;
				DEVELOPMENT_ASSET_PATHS = "";
				ENABLE_PREVIEWS = YES;
				INFOPLIST_FILE = BrewStatus/Info.plist;
				LD_RUNPATH_SEARCH_PATHS = (
					"$(inherited)",
					"@executable_path/../Frameworks",
				);
				MACOSX_DEPLOYMENT_TARGET = 10.10;
				PRODUCT_BUNDLE_IDENTIFIER = iambrennanwalsh.BrewStatus;
				PRODUCT_NAME = "$(TARGET_NAME)";
				SWIFT_VERSION = 5.0;
			};
			name = Debug;
		};
		26E3E37924CA768C00BF1D04 /* Release */ = {
			isa = XCBuildConfiguration;
			buildSettings = {
				ASSETCATALOG_COMPILER_APPICON_NAME = AppIcon;
				CODE_SIGN_ENTITLEMENTS = "";
				CODE_SIGN_STYLE = Automatic;
				COMBINE_HIDPI_IMAGES = YES;
				DEVELOPMENT_ASSET_PATHS = "";
				ENABLE_PREVIEWS = YES;
				INFOPLIST_FILE = BrewStatus/Info.plist;
				LD_RUNPATH_SEARCH_PATHS = (
					"$(inherited)",
					"@executable_path/../Frameworks",
				);
				MACOSX_DEPLOYMENT_TARGET = 10.10;
				PRODUCT_BUNDLE_IDENTIFIER = iambrennanwalsh.BrewStatus;
				PRODUCT_NAME = "$(TARGET_NAME)";
				SWIFT_VERSION = 5.0;
			};
			name = Release;
		};
/* End XCBuildConfiguration section */

/* Begin XCConfigurationList section */
		26E3E35F24CA767D00BF1D04 /* Build configuration list for PBXProject "BrewStatus" */ = {
			isa = XCConfigurationList;
			buildConfigurations = (
				26E3E37524CA768C00BF1D04 /* Debug */,
				26E3E37624CA768C00BF1D04 /* Release */,
			);
			defaultConfigurationIsVisible = 0;
			defaultConfigurationName = Release;
		};
		26E3E37724CA768C00BF1D04 /* Build configuration list for PBXNativeTarget "BrewStatus" */ = {
			isa = XCConfigurationList;
			buildConfigurations = (
				26E3E37824CA768C00BF1D04 /* Debug */,
				26E3E37924CA768C00BF1D04 /* Release */,
			);
			defaultConfigurationIsVisible = 0;
			defaultConfigurationName = Release;
		};
/* End XCConfigurationList section */
	};
	rootObject = 26E3E35C24CA767D00BF1D04 /* Project object */;
}
